
Microsoft Visual Studio Solution File, Format Version 12.00
# Visual Studio Version 16
VisualStudioVersion = 16.0.31424.327
MinimumVisualStudioVersion = 10.0.40219.1
Project("{FAE04EC0-301F-11D3-BF4B-00C04F79EFBC}") = "Tack Paragon", "Tack Paragon.csproj", "{9B7B48D3-5643-49D9-8F3F-6A958C3EBE6A}"
EndProject
Global
	GlobalSection(SolutionConfigurationPlatforms) = preSolution
		Debug|Any CPU = Debug|Any CPU
		Release|Any CPU = Release|Any CPU
	EndGlobalSection
	GlobalSection(ProjectConfigurationPlatforms) = postSolution
		{9B7B48D3-5643-49D9-8F3F-6A958C3EBE6A}.Debug|Any CPU.ActiveCfg = Debug|Any CPU
		{9B7B48D3-5643-49D9-8F3F-6A958C3EBE6A}.Debug|Any CPU.Build.0 = Debug|Any CPU
		{9B7B48D3-5643-49D9-8F3F-6A958C3EBE6A}.Release|Any CPU.ActiveCfg = Release|Any CPU
		{9B7B48D3-5643-49D9-8F3F-6A958C3EBE6A}.Release|Any CPU.Build.0 = Release|Any CPU
	EndGlobalSection
	GlobalSection(SolutionProperties) = preSolution
		HideSolutionNode = FALSE
	EndGlobalSection
	GlobalSection(ExtensibilityGlobals) = postSolution
		SolutionGuid = {EF7F7885-6BCB-41E0-95F3-9D230C226256}
	EndGlobalSection
EndGlobal
