
Microsoft Visual Studio Solution File, Format Version 12.00
# Visual Studio Version 16
VisualStudioVersion = 16.0.31424.327
MinimumVisualStudioVersion = 10.0.40219.1
Project("{FAE04EC0-301F-11D3-BF4B-00C04F79EFBC}") = "CashEqualizer", "CashEqualizer.csproj", "{1C5ED6AA-D2BA-44FF-9247-6D421C6DB924}"
EndProject
Global
	GlobalSection(SolutionConfigurationPlatforms) = preSolution
		Debug|Any CPU = Debug|Any CPU
		Release|Any CPU = Release|Any CPU
	EndGlobalSection
	GlobalSection(ProjectConfigurationPlatforms) = postSolution
		{1C5ED6AA-D2BA-44FF-9247-6D421C6DB924}.Debug|Any CPU.ActiveCfg = Debug|Any CPU
		{1C5ED6AA-D2BA-44FF-9247-6D421C6DB924}.Debug|Any CPU.Build.0 = Debug|Any CPU
		{1C5ED6AA-D2BA-44FF-9247-6D421C6DB924}.Release|Any CPU.ActiveCfg = Release|Any CPU
		{1C5ED6AA-D2BA-44FF-9247-6D421C6DB924}.Release|Any CPU.Build.0 = Release|Any CPU
	EndGlobalSection
	GlobalSection(SolutionProperties) = preSolution
		HideSolutionNode = FALSE
	EndGlobalSection
	GlobalSection(ExtensibilityGlobals) = postSolution
		SolutionGuid = {BC7C1BB2-112A-481F-825F-E2242B20AC41}
	EndGlobalSection
EndGlobal
